// !$*UTF8*$!
{
	archiveVersion = 1;
	classes = {
	};
	objectVersion = 46;
	objects = {

/* Begin PBXBuildFile section */
		431956CE1D0F4370000EC3F5 /* main.m in Sources */ = {isa = PBXBuildFile; fileRef = 431956CD1D0F4370000EC3F5 /* main.m */; };
		431956D11D0F4370000EC3F5 /* AppDelegate.m in Sources */ = {isa = PBXBuildFile; fileRef = 431956D01D0F4370000EC3F5 /* AppDelegate.m */; };
		431956D71D0F4370000EC3F5 /* Main.storyboard in Resources */ = {isa = PBXBuildFile; fileRef = 431956D51D0F4370000EC3F5 /* Main.storyboard */; };
		431956D91D0F4370000EC3F5 /* Assets.xcassets in Resources */ = {isa = PBXBuildFile; fileRef = 431956D81D0F4370000EC3F5 /* Assets.xcassets */; };
		431956DC1D0F4370000EC3F5 /* LaunchScreen.storyboard in Resources */ = {isa = PBXBuildFile; fileRef = 431956DA1D0F4370000EC3F5 /* LaunchScreen.storyboard */; };
		431C61FD1D104595008D0249 /* User.m in Sources */ = {isa = PBXBuildFile; fileRef = 431C61FC1D104595008D0249 /* User.m */; };
		431C62021D104D45008D0249 /* LoginViewController.m in Sources */ = {isa = PBXBuildFile; fileRef = 431C62011D104D45008D0249 /* LoginViewController.m */; };
		CAEDB7F515B954F3993C48A8 /* libPods-WhatsOnTap.a in Frameworks */ = {isa = PBXBuildFile; fileRef = A0560FBEE0B7B86DE28141AE /* libPods-WhatsOnTap.a */; };
/* End PBXBuildFile section */

/* Begin PBXFileReference section */
		431956C91D0F4370000EC3F5 /* WhatsOnTap.app */ = {isa = PBXFileReference; explicitFileType = wrapper.application; includeInIndex = 0; path = WhatsOnTap.app; sourceTree = BUILT_PRODUCTS_DIR; };
		431956CD1D0F4370000EC3F5 /* main.m */ = {isa = PBXFileReference; lastKnownFileType = sourcecode.c.objc; path = main.m; sourceTree = "<group>"; };
		431956CF1D0F4370000EC3F5 /* AppDelegate.h */ = {isa = PBXFileReference; lastKnownFileType = sourcecode.c.h; path = AppDelegate.h; sourceTree = "<group>"; };
		431956D01D0F4370000EC3F5 /* AppDelegate.m */ = {isa = PBXFileReference; lastKnownFileType = sourcecode.c.objc; path = AppDelegate.m; sourceTree = "<group>"; };
		431956D61D0F4370000EC3F5 /* Base */ = {isa = PBXFileReference; lastKnownFileType = file.storyboard; name = Base; path = Base.lproj/Main.storyboard; sourceTree = "<group>"; };
		431956D81D0F4370000EC3F5 /* Assets.xcassets */ = {isa = PBXFileReference; lastKnownFileType = folder.assetcatalog; path = Assets.xcassets; sourceTree = "<group>"; };
		431956DB1D0F4370000EC3F5 /* Base */ = {isa = PBXFileReference; lastKnownFileType = file.storyboard; name = Base; path = Base.lproj/LaunchScreen.storyboard; sourceTree = "<group>"; };
		431956DD1D0F4370000EC3F5 /* Info.plist */ = {isa = PBXFileReference; lastKnownFileType = text.plist.xml; path = Info.plist; sourceTree = "<group>"; };
		431C61FB1D104595008D0249 /* User.h */ = {isa = PBXFileReference; fileEncoding = 4; lastKnownFileType = sourcecode.c.h; name = User.h; path = ../User.h; sourceTree = "<group>"; };
		431C61FC1D104595008D0249 /* User.m */ = {isa = PBXFileReference; fileEncoding = 4; lastKnownFileType = sourcecode.c.objc; name = User.m; path = ../User.m; sourceTree = "<group>"; };
		431C62001D104D45008D0249 /* LoginViewController.h */ = {isa = PBXFileReference; fileEncoding = 4; lastKnownFileType = sourcecode.c.h; path = LoginViewController.h; sourceTree = "<group>"; };
		431C62011D104D45008D0249 /* LoginViewController.m */ = {isa = PBXFileReference; fileEncoding = 4; lastKnownFileType = sourcecode.c.objc; path = LoginViewController.m; sourceTree = "<group>"; };
		606BB14BE681ED86A04A91FB /* Pods-WhatsOnTap.release.xcconfig */ = {isa = PBXFileReference; includeInIndex = 1; lastKnownFileType = text.xcconfig; name = "Pods-WhatsOnTap.release.xcconfig"; path = "Pods/Target Support Files/Pods-WhatsOnTap/Pods-WhatsOnTap.release.xcconfig"; sourceTree = "<group>"; };
		A0560FBEE0B7B86DE28141AE /* libPods-WhatsOnTap.a */ = {isa = PBXFileReference; explicitFileType = archive.ar; includeInIndex = 0; path = "libPods-WhatsOnTap.a"; sourceTree = BUILT_PRODUCTS_DIR; };
		E5117687E1040A6F6D3479B3 /* Pods-WhatsOnTap.debug.xcconfig */ = {isa = PBXFileReference; includeInIndex = 1; lastKnownFileType = text.xcconfig; name = "Pods-WhatsOnTap.debug.xcconfig"; path = "Pods/Target Support Files/Pods-WhatsOnTap/Pods-WhatsOnTap.debug.xcconfig"; sourceTree = "<group>"; };
/* End PBXFileReference section */

/* Begin PBXFrameworksBuildPhase section */
		431956C61D0F4370000EC3F5 /* Frameworks */ = {
			isa = PBXFrameworksBuildPhase;
			buildActionMask = 2147483647;
			files = (
				CAEDB7F515B954F3993C48A8 /* libPods-WhatsOnTap.a in Frameworks */,
			);
			runOnlyForDeploymentPostprocessing = 0;
		};
/* End PBXFrameworksBuildPhase section */

/* Begin PBXGroup section */
		431956C01D0F4370000EC3F5 = {
			isa = PBXGroup;
			children = (
				431956CB1D0F4370000EC3F5 /* WhatsOnTap */,
				431956CA1D0F4370000EC3F5 /* Products */,
				6F9DE820D72EB0B96FFC6519 /* Pods */,
				80E1D07DEC23778A6FA9F577 /* Frameworks */,
			);
			sourceTree = "<group>";
		};
		431956CA1D0F4370000EC3F5 /* Products */ = {
			isa = PBXGroup;
			children = (
				431956C91D0F4370000EC3F5 /* WhatsOnTap.app */,
			);
			name = Products;
			sourceTree = "<group>";
		};
		431956CB1D0F4370000EC3F5 /* WhatsOnTap */ = {
			isa = PBXGroup;
			children = (
				431C61FE1D10459E008D0249 /* Models */,
				431C61FF1D1045A5008D0249 /* Controllers */,
				431956CF1D0F4370000EC3F5 /* AppDelegate.h */,
				431956D01D0F4370000EC3F5 /* AppDelegate.m */,
				431956D51D0F4370000EC3F5 /* Main.storyboard */,
				431956D81D0F4370000EC3F5 /* Assets.xcassets */,
				431956DA1D0F4370000EC3F5 /* LaunchScreen.storyboard */,
				431956DD1D0F4370000EC3F5 /* Info.plist */,
				431956CC1D0F4370000EC3F5 /* Supporting Files */,
			);
			path = WhatsOnTap;
			sourceTree = "<group>";
		};
		431956CC1D0F4370000EC3F5 /* Supporting Files */ = {
			isa = PBXGroup;
			children = (
				431956CD1D0F4370000EC3F5 /* main.m */,
			);
			name = "Supporting Files";
			sourceTree = "<group>";
		};
		431C61FE1D10459E008D0249 /* Models */ = {
			isa = PBXGroup;
			children = (
				431C61FB1D104595008D0249 /* User.h */,
				431C61FC1D104595008D0249 /* User.m */,
			);
			name = Models;
			sourceTree = "<group>";
		};
		431C61FF1D1045A5008D0249 /* Controllers */ = {
			isa = PBXGroup;
			children = (
				431C62001D104D45008D0249 /* LoginViewController.h */,
				431C62011D104D45008D0249 /* LoginViewController.m */,
			);
			name = Controllers;
			sourceTree = "<group>";
		};
		6F9DE820D72EB0B96FFC6519 /* Pods */ = {
			isa = PBXGroup;
			children = (
				E5117687E1040A6F6D3479B3 /* Pods-WhatsOnTap.debug.xcconfig */,
				606BB14BE681ED86A04A91FB /* Pods-WhatsOnTap.release.xcconfig */,
			);
			name = Pods;
			sourceTree = "<group>";
		};
		80E1D07DEC23778A6FA9F577 /* Frameworks */ = {
			isa = PBXGroup;
			children = (
				A0560FBEE0B7B86DE28141AE /* libPods-WhatsOnTap.a */,
			);
			name = Frameworks;
			sourceTree = "<group>";
		};
/* End PBXGroup section */

/* Begin PBXNativeTarget section */
		431956C81D0F4370000EC3F5 /* WhatsOnTap */ = {
			isa = PBXNativeTarget;
			buildConfigurationList = 431956E01D0F4370000EC3F5 /* Build configuration list for PBXNativeTarget "WhatsOnTap" */;
			buildPhases = (
				CAB50A27DAE6754C8F17E007 /* [CP] Check Pods Manifest.lock */,
				431956C51D0F4370000EC3F5 /* Sources */,
				431956C61D0F4370000EC3F5 /* Frameworks */,
				431956C71D0F4370000EC3F5 /* Resources */,
				F7429B2F1F9978A8E710006C /* [CP] Embed Pods Frameworks */,
				0E208C1C575EDB3F3052D2D0 /* [CP] Copy Pods Resources */,
			);
			buildRules = (
			);
			dependencies = (
			);
			name = WhatsOnTap;
			productName = WhatsOnTap;
			productReference = 431956C91D0F4370000EC3F5 /* WhatsOnTap.app */;
			productType = "com.apple.product-type.application";
		};
/* End PBXNativeTarget section */

/* Begin PBXProject section */
		431956C11D0F4370000EC3F5 /* Project object */ = {
			isa = PBXProject;
			attributes = {
				LastUpgradeCheck = 0730;
				ORGANIZATIONNAME = "Detroit Labs";
				TargetAttributes = {
					431956C81D0F4370000EC3F5 = {
						CreatedOnToolsVersion = 7.3.1;
					};
				};
			};
			buildConfigurationList = 431956C41D0F4370000EC3F5 /* Build configuration list for PBXProject "WhatsOnTap" */;
			compatibilityVersion = "Xcode 3.2";
			developmentRegion = English;
			hasScannedForEncodings = 0;
			knownRegions = (
				en,
				Base,
			);
			mainGroup = 431956C01D0F4370000EC3F5;
			productRefGroup = 431956CA1D0F4370000EC3F5 /* Products */;
			projectDirPath = "";
			projectRoot = "";
			targets = (
				431956C81D0F4370000EC3F5 /* WhatsOnTap */,
			);
		};
/* End PBXProject section */

/* Begin PBXResourcesBuildPhase section */
		431956C71D0F4370000EC3F5 /* Resources */ = {
			isa = PBXResourcesBuildPhase;
			buildActionMask = 2147483647;
			files = (
				431956DC1D0F4370000EC3F5 /* LaunchScreen.storyboard in Resources */,
				431956D91D0F4370000EC3F5 /* Assets.xcassets in Resources */,
				431956D71D0F4370000EC3F5 /* Main.storyboard in Resources */,
			);
			runOnlyForDeploymentPostprocessing = 0;
		};
/* End PBXResourcesBuildPhase section */

/* Begin PBXShellScriptBuildPhase section */
		0E208C1C575EDB3F3052D2D0 /* [CP] Copy Pods Resources */ = {
			isa = PBXShellScriptBuildPhase;
			buildActionMask = 2147483647;
			files = (
			);
			inputPaths = (
			);
			name = "[CP] Copy Pods Resources";
			outputPaths = (
			);
			runOnlyForDeploymentPostprocessing = 0;
			shellPath = /bin/sh;
			shellScript = "\"${SRCROOT}/Pods/Target Support Files/Pods-WhatsOnTap/Pods-WhatsOnTap-resources.sh\"\n";
			showEnvVarsInLog = 0;
		};
		CAB50A27DAE6754C8F17E007 /* [CP] Check Pods Manifest.lock */ = {
			isa = PBXShellScriptBuildPhase;
			buildActionMask = 2147483647;
			files = (
			);
			inputPaths = (
			);
			name = "[CP] Check Pods Manifest.lock";
			outputPaths = (
			);
			runOnlyForDeploymentPostprocessing = 0;
			shellPath = /bin/sh;
			shellScript = "diff \"${PODS_ROOT}/../Podfile.lock\" \"${PODS_ROOT}/Manifest.lock\" > /dev/null\nif [[ $? != 0 ]] ; then\n    cat << EOM\nerror: The sandbox is not in sync with the Podfile.lock. Run 'pod install' or update your CocoaPods installation.\nEOM\n    exit 1\nfi\n";
			showEnvVarsInLog = 0;
		};
		F7429B2F1F9978A8E710006C /* [CP] Embed Pods Frameworks */ = {
			isa = PBXShellScriptBuildPhase;
			buildActionMask = 2147483647;
			files = (
			);
			inputPaths = (
			);
			name = "[CP] Embed Pods Frameworks";
			outputPaths = (
			);
			runOnlyForDeploymentPostprocessing = 0;
			shellPath = /bin/sh;
			shellScript = "\"${SRCROOT}/Pods/Target Support Files/Pods-WhatsOnTap/Pods-WhatsOnTap-frameworks.sh\"\n";
			showEnvVarsInLog = 0;
		};
/* End PBXShellScriptBuildPhase section */

/* Begin PBXSourcesBuildPhase section */
		431956C51D0F4370000EC3F5 /* Sources */ = {
			isa = PBXSourcesBuildPhase;
			buildActionMask = 2147483647;
			files = (
				431C61FD1D104595008D0249 /* User.m in Sources */,
				431956D11D0F4370000EC3F5 /* AppDelegate.m in Sources */,
				431956CE1D0F4370000EC3F5 /* main.m in Sources */,
				431C62021D104D45008D0249 /* LoginViewController.m in Sources */,
			);
			runOnlyForDeploymentPostprocessing = 0;
		};
/* End PBXSourcesBuildPhase section */

/* Begin PBXVariantGroup section */
		431956D51D0F4370000EC3F5 /* Main.storyboard */ = {
			isa = PBXVariantGroup;
			children = (
				431956D61D0F4370000EC3F5 /* Base */,
			);
			name = Main.storyboard;
			sourceTree = "<group>";
		};
		431956DA1D0F4370000EC3F5 /* LaunchScreen.storyboard */ = {
			isa = PBXVariantGroup;
			children = (
				431956DB1D0F4370000EC3F5 /* Base */,
			);
			name = LaunchScreen.storyboard;
			sourceTree = "<group>";
		};
/* End PBXVariantGroup section */

/* Begin XCBuildConfiguration section */
		431956DE1D0F4370000EC3F5 /* Debug */ = {
			isa = XCBuildConfiguration;
			buildSettings = {
				ALWAYS_SEARCH_USER_PATHS = NO;
				CLANG_ANALYZER_NONNULL = YES;
				CLANG_CXX_LANGUAGE_STANDARD = "gnu++0x";
				CLANG_CXX_LIBRARY = "libc++";
				CLANG_ENABLE_MODULES = YES;
				CLANG_ENABLE_OBJC_ARC = YES;
				CLANG_WARN_BOOL_CONVERSION = YES;
				CLANG_WARN_CONSTANT_CONVERSION = YES;
				CLANG_WARN_DIRECT_OBJC_ISA_USAGE = YES_ERROR;
				CLANG_WARN_EMPTY_BODY = YES;
				CLANG_WARN_ENUM_CONVERSION = YES;
				CLANG_WARN_INT_CONVERSION = YES;
				CLANG_WARN_OBJC_ROOT_CLASS = YES_ERROR;
				CLANG_WARN_UNREACHABLE_CODE = YES;
				CLANG_WARN__DUPLICATE_METHOD_MATCH = YES;
				"CODE_SIGN_IDENTITY[sdk=iphoneos*]" = "iPhone Developer";
				COPY_PHASE_STRIP = NO;
				DEBUG_INFORMATION_FORMAT = dwarf;
				ENABLE_STRICT_OBJC_MSGSEND = YES;
				ENABLE_TESTABILITY = YES;
				GCC_C_LANGUAGE_STANDARD = gnu99;
				GCC_DYNAMIC_NO_PIC = NO;
				GCC_NO_COMMON_BLOCKS = YES;
				GCC_OPTIMIZATION_LEVEL = 0;
				GCC_PREPROCESSOR_DEFINITIONS = (
					"DEBUG=1",
					"$(inherited)",
				);
				GCC_WARN_64_TO_32_BIT_CONVERSION = YES;
				GCC_WARN_ABOUT_RETURN_TYPE = YES_ERROR;
				GCC_WARN_UNDECLARED_SELECTOR = YES;
				GCC_WARN_UNINITIALIZED_AUTOS = YES_AGGRESSIVE;
				GCC_WARN_UNUSED_FUNCTION = YES;
				GCC_WARN_UNUSED_VARIABLE = YES;
				IPHONEOS_DEPLOYMENT_TARGET = 9.3;
				MTL_ENABLE_DEBUG_INFO = YES;
				ONLY_ACTIVE_ARCH = YES;
				SDKROOT = iphoneos;
			};
			name = Debug;
		};
		431956DF1D0F4370000EC3F5 /* Release */ = {
			isa = XCBuildConfiguration;
			buildSettings = {
				ALWAYS_SEARCH_USER_PATHS = NO;
				CLANG_ANALYZER_NONNULL = YES;
				CLANG_CXX_LANGUAGE_STANDARD = "gnu++0x";
				CLANG_CXX_LIBRARY = "libc++";
				CLANG_ENABLE_MODULES = YES;
				CLANG_ENABLE_OBJC_ARC = YES;
				CLANG_WARN_BOOL_CONVERSION = YES;
				CLANG_WARN_CONSTANT_CONVERSION = YES;
				CLANG_WARN_DIRECT_OBJC_ISA_USAGE = YES_ERROR;
				CLANG_WARN_EMPTY_BODY = YES;
				CLANG_WARN_ENUM_CONVERSION = YES;
				CLANG_WARN_INT_CONVERSION = YES;
				CLANG_WARN_OBJC_ROOT_CLASS = YES_ERROR;
				CLANG_WARN_UNREACHABLE_CODE = YES;
				CLANG_WARN__DUPLICATE_METHOD_MATCH = YES;
				"CODE_SIGN_IDENTITY[sdk=iphoneos*]" = "iPhone Developer";
				COPY_PHASE_STRIP = NO;
				DEBUG_INFORMATION_FORMAT = "dwarf-with-dsym";
				ENABLE_NS_ASSERTIONS = NO;
				ENABLE_STRICT_OBJC_MSGSEND = YES;
				GCC_C_LANGUAGE_STANDARD = gnu99;
				GCC_NO_COMMON_BLOCKS = YES;
				GCC_WARN_64_TO_32_BIT_CONVERSION = YES;
				GCC_WARN_ABOUT_RETURN_TYPE = YES_ERROR;
				GCC_WARN_UNDECLARED_SELECTOR = YES;
				GCC_WARN_UNINITIALIZED_AUTOS = YES_AGGRESSIVE;
				GCC_WARN_UNUSED_FUNCTION = YES;
				GCC_WARN_UNUSED_VARIABLE = YES;
				IPHONEOS_DEPLOYMENT_TARGET = 9.3;
				MTL_ENABLE_DEBUG_INFO = NO;
				SDKROOT = iphoneos;
				VALIDATE_PRODUCT = YES;
			};
			name = Release;
		};
		431956E11D0F4370000EC3F5 /* Debug */ = {
			isa = XCBuildConfiguration;
			baseConfigurationReference = E5117687E1040A6F6D3479B3 /* Pods-WhatsOnTap.debug.xcconfig */;
			buildSettings = {
				ASSETCATALOG_COMPILER_APPICON_NAME = AppIcon;
				INFOPLIST_FILE = WhatsOnTap/Info.plist;
				LD_RUNPATH_SEARCH_PATHS = "$(inherited) @executable_path/Frameworks";
				PRODUCT_BUNDLE_IDENTIFIER = com.detroitlabs.WhatsOnTap;
				PRODUCT_NAME = "$(TARGET_NAME)";
			};
			name = Debug;
		};
		431956E21D0F4370000EC3F5 /* Release */ = {
			isa = XCBuildConfiguration;
			baseConfigurationReference = 606BB14BE681ED86A04A91FB /* Pods-WhatsOnTap.release.xcconfig */;
			buildSettings = {
				ASSETCATALOG_COMPILER_APPICON_NAME = AppIcon;
				INFOPLIST_FILE = WhatsOnTap/Info.plist;
				LD_RUNPATH_SEARCH_PATHS = "$(inherited) @executable_path/Frameworks";
				PRODUCT_BUNDLE_IDENTIFIER = com.detroitlabs.WhatsOnTap;
				PRODUCT_NAME = "$(TARGET_NAME)";
			};
			name = Release;
		};
/* End XCBuildConfiguration section */

/* Begin XCConfigurationList section */
		431956C41D0F4370000EC3F5 /* Build configuration list for PBXProject "WhatsOnTap" */ = {
			isa = XCConfigurationList;
			buildConfigurations = (
				431956DE1D0F4370000EC3F5 /* Debug */,
				431956DF1D0F4370000EC3F5 /* Release */,
			);
			defaultConfigurationIsVisible = 0;
			defaultConfigurationName = Release;
		};
		431956E01D0F4370000EC3F5 /* Build configuration list for PBXNativeTarget "WhatsOnTap" */ = {
			isa = XCConfigurationList;
			buildConfigurations = (
				431956E11D0F4370000EC3F5 /* Debug */,
				431956E21D0F4370000EC3F5 /* Release */,
			);
			defaultConfigurationIsVisible = 0;
			defaultConfigurationName = Release;
		};
/* End XCConfigurationList section */
	};
	rootObject = 431956C11D0F4370000EC3F5 /* Project object */;
}
